{
  "version": 4,
  "terraform_version": "0.15.4",
  "serial": 81,
  "lineage": "6b88df3f-ded5-4769-8210-0b56cdd932f6",
  "outputs": {
    "external_ip_address_vm_1": {
      "value": "51.250.26.241",
      "type": "string"
    },
    "internal_ip_address_vm_1": {
      "value": "192.168.10.29",
      "type": "string"
    }
  },
  "resources": [
    {
      "mode": "managed",
      "type": "yandex_compute_instance",
      "name": "vm-1",
      "provider": "provider[\"registry.terraform.io/yandex-cloud/yandex\"]",
      "instances": [
        {
          "schema_version": 1,
          "attributes": {
            "allow_stopping_for_update": null,
            "boot_disk": [
              {
                "auto_delete": true,
                "device_name": "epdoo11romnrteo5ko4v",
                "disk_id": "epdoo11romnrteo5ko4v",
                "initialize_params": [
                  {
                    "block_size": 4096,
                    "description": "",
                    "image_id": "fd8oms2nh3a0k9bjekqd",
                    "name": "",
                    "size": 20,
                    "snapshot_id": "",
                    "type": "network-hdd"
                  }
                ],
                "mode": "READ_WRITE"
              }
            ],
            "created_at": "2022-04-02T16:38:22Z",
            "description": "",
            "folder_id": "b1gvie3a54i4mhhpa2gr",
            "fqdn": "epd7uccuntp96kd1upn4.auto.internal",
            "hostname": "epd7uccuntp96kd1upn4",
            "id": "epd7uccuntp96kd1upn4",
            "labels": null,
            "metadata": {
              "user-data": "#cloud-config\nusers:\n - name: andy\n   groups: sudo\n   shell: /bin/bash\n   sudo: ['ALL=(ALL) NOPASSWD:ALL']\n   ssh-authorized-keys:\n     - ssh-rsa AAAAB3NzaC1yc2EAAAADAQABAAABAQDZ3mOfyuJy/F4CSTZBujclqQdkJJXcaR/d6Bzu29amHKwOuWhJMCMetehU0EEM+OvIg1bz0LCD+YZuySqg/dSRa/S+Vnd6rOZa62Sn3xkY26930OajLuDJMlA2CHKtJju2gOB50xbzFR5VtFFWwIkAHY0NePz7ao4Ip5wY74FWvMZIxWk1QjdhioXABmtD9if8RyjgJOwUj122vH8FSy7mN6aVlWs7+lJbYHw+iafmp9O/MZyaVKKjGP/9hcafi5OHx2MsQ7/rfpnLHn8EPV7f/eKSmgNFzPz8Auh8dRJ9duM3d8sczu3hV3XmWmxalh++kRSDRIuxmggzy42B3z5p andy@andybig\n"
            },
            "name": "terraform1",
            "network_acceleration_type": "standard",
            "network_interface": [
              {
                "dns_record": [],
                "index": 0,
                "ip_address": "192.168.10.29",
                "ipv4": true,
                "ipv6": false,
                "ipv6_address": "",
                "ipv6_dns_record": [],
                "mac_address": "d0:0d:7f:31:9e:bf",
                "nat": true,
                "nat_dns_record": [],
                "nat_ip_address": "51.250.26.241",
                "nat_ip_version": "IPV4",
                "security_group_ids": [],
                "subnet_id": "e2l6dv9ien75hl8poia7"
              }
            ],
            "placement_policy": [
              {
                "host_affinity_rules": [],
                "placement_group_id": ""
              }
            ],
            "platform_id": "standard-v1",
            "resources": [
              {
                "core_fraction": 100,
                "cores": 2,
                "gpus": 0,
                "memory": 2
              }
            ],
            "scheduling_policy": [
              {
                "preemptible": false
              }
            ],
            "secondary_disk": [],
            "service_account_id": "",
            "status": "running",
            "timeouts": null,
            "zone": "ru-central1-b"
          },
          "sensitive_attributes": [],
          "private": "eyJlMmJmYjczMC1lY2FhLTExZTYtOGY4OC0zNDM2M2JjN2M0YzAiOnsiY3JlYXRlIjozMDAwMDAwMDAwMDAsImRlbGV0ZSI6MzAwMDAwMDAwMDAwLCJ1cGRhdGUiOjMwMDAwMDAwMDAwMH0sInNjaGVtYV92ZXJzaW9uIjoiMSJ9",
          "dependencies": [
            "yandex_vpc_network.network-1",
            "yandex_vpc_subnet.subnet-1"
          ]
        }
      ]
    },
    {
      "mode": "managed",
      "type": "yandex_vpc_network",
      "name": "network-1",
      "provider": "provider[\"registry.terraform.io/yandex-cloud/yandex\"]",
      "instances": [
        {
          "schema_version": 0,
          "attributes": {
            "created_at": "2022-04-02T16:38:20Z",
            "default_security_group_id": "",
            "description": "",
            "folder_id": "b1gvie3a54i4mhhpa2gr",
            "id": "enpgo3ns8tmmpohkouvr",
            "labels": {},
            "name": "network1",
            "subnet_ids": [],
            "timeouts": null
          },
          "sensitive_attributes": [],
          "private": "eyJlMmJmYjczMC1lY2FhLTExZTYtOGY4OC0zNDM2M2JjN2M0YzAiOnsiY3JlYXRlIjo2MDAwMDAwMDAwMCwiZGVsZXRlIjo2MDAwMDAwMDAwMCwidXBkYXRlIjo2MDAwMDAwMDAwMH19"
        }
      ]
    },
    {
      "mode": "managed",
      "type": "yandex_vpc_subnet",
      "name": "subnet-1",
      "provider": "provider[\"registry.terraform.io/yandex-cloud/yandex\"]",
      "instances": [
        {
          "schema_version": 0,
          "attributes": {
            "created_at": "2022-04-02T16:38:21Z",
            "description": "",
            "dhcp_options": [],
            "folder_id": "b1gvie3a54i4mhhpa2gr",
            "id": "e2l6dv9ien75hl8poia7",
            "labels": {},
            "name": "subnet1",
            "network_id": "enpgo3ns8tmmpohkouvr",
            "route_table_id": "",
            "timeouts": null,
            "v4_cidr_blocks": [
              "192.168.10.0/24"
            ],
            "v6_cidr_blocks": [],
            "zone": "ru-central1-b"
          },
          "sensitive_attributes": [],
          "private": "eyJlMmJmYjczMC1lY2FhLTExZTYtOGY4OC0zNDM2M2JjN2M0YzAiOnsiY3JlYXRlIjoxODAwMDAwMDAwMDAsImRlbGV0ZSI6MTgwMDAwMDAwMDAwLCJ1cGRhdGUiOjE4MDAwMDAwMDAwMH19",
          "dependencies": [
            "yandex_vpc_network.network-1"
          ]
        }
      ]
    }
  ]
}
